
Microsoft Visual Studio Solution File, Format Version 12.00
# Visual Studio 15
VisualStudioVersion = 15.0.28307.136
MinimumVisualStudioVersion = 10.0.40219.1
Project("{FAE04EC0-301F-11D3-BF4B-00C04F79EFBC}") = "WPFUIProject", "WPFUIProject\WPFUIProject.csproj", "{975B047B-19EF-4EC5-A4A5-E650E428A4D7}"
EndProject
Project("{FAE04EC0-301F-11D3-BF4B-00C04F79EFBC}") = "Creater", "Creater\Creater.csproj", "{4D1C3023-A5A1-4983-808E-A05207A4E159}"
EndProject
Project("{8BC9CEB8-8B4A-11D0-8D11-00A0C91BC942}") = "Project1", "Project1\Project1.vcxproj", "{DF2111BA-FC6E-4221-BC56-7D68B63EAD30}"
EndProject
Global
	GlobalSection(SolutionConfigurationPlatforms) = preSolution
		Debug|Any CPU = Debug|Any CPU
		Debug|x64 = Debug|x64
		Debug|x86 = Debug|x86
		Release|Any CPU = Release|Any CPU
		Release|x64 = Release|x64
		Release|x86 = Release|x86
	EndGlobalSection
	GlobalSection(ProjectConfigurationPlatforms) = postSolution
		{975B047B-19EF-4EC5-A4A5-E650E428A4D7}.Debug|Any CPU.ActiveCfg = Debug|Any CPU
		{975B047B-19EF-4EC5-A4A5-E650E428A4D7}.Debug|Any CPU.Build.0 = Debug|Any CPU
		{975B047B-19EF-4EC5-A4A5-E650E428A4D7}.Debug|x64.ActiveCfg = Debug|Any CPU
		{975B047B-19EF-4EC5-A4A5-E650E428A4D7}.Debug|x64.Build.0 = Debug|Any CPU
		{975B047B-19EF-4EC5-A4A5-E650E428A4D7}.Debug|x86.ActiveCfg = Debug|Any CPU
		{975B047B-19EF-4EC5-A4A5-E650E428A4D7}.Debug|x86.Build.0 = Debug|Any CPU
		{975B047B-19EF-4EC5-A4A5-E650E428A4D7}.Release|Any CPU.ActiveCfg = Release|Any CPU
		{975B047B-19EF-4EC5-A4A5-E650E428A4D7}.Release|Any CPU.Build.0 = Release|Any CPU
		{975B047B-19EF-4EC5-A4A5-E650E428A4D7}.Release|x64.ActiveCfg = Release|Any CPU
		{975B047B-19EF-4EC5-A4A5-E650E428A4D7}.Release|x64.Build.0 = Release|Any CPU
		{975B047B-19EF-4EC5-A4A5-E650E428A4D7}.Release|x86.ActiveCfg = Release|Any CPU
		{975B047B-19EF-4EC5-A4A5-E650E428A4D7}.Release|x86.Build.0 = Release|Any CPU
		{4D1C3023-A5A1-4983-808E-A05207A4E159}.Debug|Any CPU.ActiveCfg = Debug|Any CPU
		{4D1C3023-A5A1-4983-808E-A05207A4E159}.Debug|Any CPU.Build.0 = Debug|Any CPU
		{4D1C3023-A5A1-4983-808E-A05207A4E159}.Debug|x64.ActiveCfg = Debug|Any CPU
		{4D1C3023-A5A1-4983-808E-A05207A4E159}.Debug|x64.Build.0 = Debug|Any CPU
		{4D1C3023-A5A1-4983-808E-A05207A4E159}.Debug|x86.ActiveCfg = Debug|Any CPU
		{4D1C3023-A5A1-4983-808E-A05207A4E159}.Debug|x86.Build.0 = Debug|Any CPU
		{4D1C3023-A5A1-4983-808E-A05207A4E159}.Release|Any CPU.ActiveCfg = Release|Any CPU
		{4D1C3023-A5A1-4983-808E-A05207A4E159}.Release|Any CPU.Build.0 = Release|Any CPU
		{4D1C3023-A5A1-4983-808E-A05207A4E159}.Release|x64.ActiveCfg = Release|Any CPU
		{4D1C3023-A5A1-4983-808E-A05207A4E159}.Release|x64.Build.0 = Release|Any CPU
		{4D1C3023-A5A1-4983-808E-A05207A4E159}.Release|x86.ActiveCfg = Release|Any CPU
		{4D1C3023-A5A1-4983-808E-A05207A4E159}.Release|x86.Build.0 = Release|Any CPU
		{DF2111BA-FC6E-4221-BC56-7D68B63EAD30}.Debug|Any CPU.ActiveCfg = Debug|Win32
		{DF2111BA-FC6E-4221-BC56-7D68B63EAD30}.Debug|x64.ActiveCfg = Debug|x64
		{DF2111BA-FC6E-4221-BC56-7D68B63EAD30}.Debug|x64.Build.0 = Debug|x64
		{DF2111BA-FC6E-4221-BC56-7D68B63EAD30}.Debug|x86.ActiveCfg = Debug|Win32
		{DF2111BA-FC6E-4221-BC56-7D68B63EAD30}.Debug|x86.Build.0 = Debug|Win32
		{DF2111BA-FC6E-4221-BC56-7D68B63EAD30}.Release|Any CPU.ActiveCfg = Release|Win32
		{DF2111BA-FC6E-4221-BC56-7D68B63EAD30}.Release|x64.ActiveCfg = Release|x64
		{DF2111BA-FC6E-4221-BC56-7D68B63EAD30}.Release|x64.Build.0 = Release|x64
		{DF2111BA-FC6E-4221-BC56-7D68B63EAD30}.Release|x86.ActiveCfg = Release|Win32
		{DF2111BA-FC6E-4221-BC56-7D68B63EAD30}.Release|x86.Build.0 = Release|Win32
	EndGlobalSection
	GlobalSection(SolutionProperties) = preSolution
		HideSolutionNode = FALSE
	EndGlobalSection
	GlobalSection(ExtensibilityGlobals) = postSolution
		SolutionGuid = {2327E45D-13A4-4596-A099-62E5D75583F5}
	EndGlobalSection
EndGlobal
